// !$*UTF8*$!
{
	archiveVersion = 1;
	classes = {
	};
	objectVersion = 46;
	objects = {

/* Begin PBXBuildFile section */
		4D30AABD1DCA891200A402C9 /* InfoPlist.strings in Resources */ = {isa = PBXBuildFile; fileRef = 4D30AABF1DCA891200A402C9 /* InfoPlist.strings */; };
		4D30AAC21DCA8B8900A402C9 /* MapCtl.swift in Sources */ = {isa = PBXBuildFile; fileRef = 4D30AAC11DCA8B8900A402C9 /* MapCtl.swift */; };
		4D3FC6F51DD274A8000467D1 /* AppInfoCtl.swift in Sources */ = {isa = PBXBuildFile; fileRef = 4D3FC6F41DD274A8000467D1 /* AppInfoCtl.swift */; };
		4D42641B1DD08D62008ED01F /* c_firstaid.png in Resources */ = {isa = PBXBuildFile; fileRef = 4D4264071DD08D62008ED01F /* c_firstaid.png */; };
		4D42641C1DD08D62008ED01F /* c_firstaid@2x.png in Resources */ = {isa = PBXBuildFile; fileRef = 4D4264081DD08D62008ED01F /* c_firstaid@2x.png */; };
		4D42641D1DD08D62008ED01F /* c_info.png in Resources */ = {isa = PBXBuildFile; fileRef = 4D4264091DD08D62008ED01F /* c_info.png */; };
		4D42641E1DD08D62008ED01F /* c_info@2x.png in Resources */ = {isa = PBXBuildFile; fileRef = 4D42640A1DD08D62008ED01F /* c_info@2x.png */; };
		4D42641F1DD08D62008ED01F /* c_monument.png in Resources */ = {isa = PBXBuildFile; fileRef = 4D42640B1DD08D62008ED01F /* c_monument.png */; };
		4D4264201DD08D62008ED01F /* c_monument@2x.png in Resources */ = {isa = PBXBuildFile; fileRef = 4D42640C1DD08D62008ED01F /* c_monument@2x.png */; };
		4D4264211DD08D62008ED01F /* c_pharmacy.png in Resources */ = {isa = PBXBuildFile; fileRef = 4D42640D1DD08D62008ED01F /* c_pharmacy.png */; };
		4D4264221DD08D62008ED01F /* c_pharmacy@2x.png in Resources */ = {isa = PBXBuildFile; fileRef = 4D42640E1DD08D62008ED01F /* c_pharmacy@2x.png */; };
		4D4264231DD08D62008ED01F /* c_police.png in Resources */ = {isa = PBXBuildFile; fileRef = 4D42640F1DD08D62008ED01F /* c_police.png */; };
		4D4264241DD08D62008ED01F /* c_police@2x.png in Resources */ = {isa = PBXBuildFile; fileRef = 4D4264101DD08D62008ED01F /* c_police@2x.png */; };
		4D4264251DD08D62008ED01F /* c_restaurant.png in Resources */ = {isa = PBXBuildFile; fileRef = 4D4264111DD08D62008ED01F /* c_restaurant.png */; };
		4D4264261DD08D62008ED01F /* c_restaurant@2x.png in Resources */ = {isa = PBXBuildFile; fileRef = 4D4264121DD08D62008ED01F /* c_restaurant@2x.png */; };
		4D4264271DD08D62008ED01F /* c_shop.png in Resources */ = {isa = PBXBuildFile; fileRef = 4D4264131DD08D62008ED01F /* c_shop.png */; };
		4D4264281DD08D62008ED01F /* c_shop@2x.png in Resources */ = {isa = PBXBuildFile; fileRef = 4D4264141DD08D62008ED01F /* c_shop@2x.png */; };
		4D4264291DD08D62008ED01F /* c_tree.png in Resources */ = {isa = PBXBuildFile; fileRef = 4D4264151DD08D62008ED01F /* c_tree.png */; };
		4D42642A1DD08D62008ED01F /* c_tree@2x.png in Resources */ = {isa = PBXBuildFile; fileRef = 4D4264161DD08D62008ED01F /* c_tree@2x.png */; };
		4D42642B1DD08D62008ED01F /* c_waste.png in Resources */ = {isa = PBXBuildFile; fileRef = 4D4264171DD08D62008ED01F /* c_waste.png */; };
		4D42642C1DD08D62008ED01F /* c_waste@2x.png in Resources */ = {isa = PBXBuildFile; fileRef = 4D4264181DD08D62008ED01F /* c_waste@2x.png */; };
		4D42642D1DD08D62008ED01F /* c_work.png in Resources */ = {isa = PBXBuildFile; fileRef = 4D4264191DD08D62008ED01F /* c_work.png */; };
		4D42642E1DD08D62008ED01F /* c_work@2x.png in Resources */ = {isa = PBXBuildFile; fileRef = 4D42641A1DD08D62008ED01F /* c_work@2x.png */; };
		4D5A802A1DD0ADF0006723B5 /* c_electrical.png in Resources */ = {isa = PBXBuildFile; fileRef = 4D5A80261DD0ADF0006723B5 /* c_electrical.png */; };
		4D5A802B1DD0ADF0006723B5 /* c_electrical@2x.png in Resources */ = {isa = PBXBuildFile; fileRef = 4D5A80271DD0ADF0006723B5 /* c_electrical@2x.png */; };
		4D5A802C1DD0ADF0006723B5 /* c_textile.png in Resources */ = {isa = PBXBuildFile; fileRef = 4D5A80281DD0ADF0006723B5 /* c_textile.png */; };
		4D5A802D1DD0ADF0006723B5 /* c_textile@2x.png in Resources */ = {isa = PBXBuildFile; fileRef = 4D5A80291DD0ADF0006723B5 /* c_textile@2x.png */; };
		4D66770A1DCB340F004876FA /* MapKit.framework in Frameworks */ = {isa = PBXBuildFile; fileRef = 4D6677091DCB340F004876FA /* MapKit.framework */; };
		4D66770E1DCB7774004876FA /* PlaceDetailCtl.swift in Sources */ = {isa = PBXBuildFile; fileRef = 4D66770D1DCB7774004876FA /* PlaceDetailCtl.swift */; };
		4D6677101DCB8CDD004876FA /* MessageUI.framework in Frameworks */ = {isa = PBXBuildFile; fileRef = 4D66770F1DCB8CDD004876FA /* MessageUI.framework */; };
		4D6677141DCBA4DA004876FA /* EventKitUI.framework in Frameworks */ = {isa = PBXBuildFile; fileRef = 4D6677131DCBA4DA004876FA /* EventKitUI.framework */; };
		4D66771C1DCBC23E004876FA /* goldstar25.png in Resources */ = {isa = PBXBuildFile; fileRef = 4D6677161DCBC23E004876FA /* goldstar25.png */; };
		4D66771D1DCBC23E004876FA /* goldstar25@2x.png in Resources */ = {isa = PBXBuildFile; fileRef = 4D6677171DCBC23E004876FA /* goldstar25@2x.png */; };
		4D66771E1DCBC23E004876FA /* goldstar25dis.png in Resources */ = {isa = PBXBuildFile; fileRef = 4D6677181DCBC23E004876FA /* goldstar25dis.png */; };
		4D66771F1DCBC23E004876FA /* goldstar25dis@2x.png in Resources */ = {isa = PBXBuildFile; fileRef = 4D6677191DCBC23E004876FA /* goldstar25dis@2x.png */; };
		4D6677201DCBC23E004876FA /* location.png in Resources */ = {isa = PBXBuildFile; fileRef = 4D66771A1DCBC23E004876FA /* location.png */; };
		4D6677211DCBC23E004876FA /* location@2x.png in Resources */ = {isa = PBXBuildFile; fileRef = 4D66771B1DCBC23E004876FA /* location@2x.png */; };
		4D9019351DC65E16001488D3 /* AppDelegate.swift in Sources */ = {isa = PBXBuildFile; fileRef = 4D9019341DC65E16001488D3 /* AppDelegate.swift */; };
		4D9019371DC65E16001488D3 /* ViewController.swift in Sources */ = {isa = PBXBuildFile; fileRef = 4D9019361DC65E16001488D3 /* ViewController.swift */; };
		4D90193A1DC65E16001488D3 /* Main.storyboard in Resources */ = {isa = PBXBuildFile; fileRef = 4D9019381DC65E16001488D3 /* Main.storyboard */; };
		4D90193C1DC65E16001488D3 /* Assets.xcassets in Resources */ = {isa = PBXBuildFile; fileRef = 4D90193B1DC65E16001488D3 /* Assets.xcassets */; };
		4D90193F1DC65E17001488D3 /* LaunchScreen.storyboard in Resources */ = {isa = PBXBuildFile; fileRef = 4D90193D1DC65E17001488D3 /* LaunchScreen.storyboard */; };
		4D9019491DC669B7001488D3 /* EventCtl.swift in Sources */ = {isa = PBXBuildFile; fileRef = 4D9019481DC669B7001488D3 /* EventCtl.swift */; };
		4D90194D1DC67FB6001488D3 /* test_files in Resources */ = {isa = PBXBuildFile; fileRef = 4D90194C1DC67FB6001488D3 /* test_files */; };
		4D90194F1DC69A0D001488D3 /* EventRecord.swift in Sources */ = {isa = PBXBuildFile; fileRef = 4D90194E1DC69A0D001488D3 /* EventRecord.swift */; };
		4D9F14AD1DD103D100841AD8 /* DataSource.swift in Sources */ = {isa = PBXBuildFile; fileRef = 4D9F14AC1DD103D100841AD8 /* DataSource.swift */; };
		4D9F14AF1DD1135700841AD8 /* ds_news.png in Resources */ = {isa = PBXBuildFile; fileRef = 4D9F14AE1DD1135700841AD8 /* ds_news.png */; };
		4D9F14B61DD11A3E00841AD8 /* ds_alerts.png in Resources */ = {isa = PBXBuildFile; fileRef = 4D9F14B01DD11A3E00841AD8 /* ds_alerts.png */; };
		4D9F14B71DD11A3E00841AD8 /* ds_biograf.png in Resources */ = {isa = PBXBuildFile; fileRef = 4D9F14B11DD11A3E00841AD8 /* ds_biograf.png */; };
		4D9F14B81DD11A3E00841AD8 /* ds_events.png in Resources */ = {isa = PBXBuildFile; fileRef = 4D9F14B21DD11A3E00841AD8 /* ds_events.png */; };
		4D9F14B91DD11A3E00841AD8 /* ds_help.png in Resources */ = {isa = PBXBuildFile; fileRef = 4D9F14B31DD11A3E00841AD8 /* ds_help.png */; };
		4D9F14BA1DD11A3E00841AD8 /* ds_landmarks.png in Resources */ = {isa = PBXBuildFile; fileRef = 4D9F14B41DD11A3E00841AD8 /* ds_landmarks.png */; };
		4D9F14BB1DD11A3E00841AD8 /* ds_waste.png in Resources */ = {isa = PBXBuildFile; fileRef = 4D9F14B51DD11A3E00841AD8 /* ds_waste.png */; };
		4DA2C9001DC8EE8400E28A0E /* Localizable.strings in Resources */ = {isa = PBXBuildFile; fileRef = 4DA2C9021DC8EE8400E28A0E /* Localizable.strings */; };
		C96B336CA7EC9EB6B8C9C75F /* Pods_Dvanactka.framework in Frameworks */ = {isa = PBXBuildFile; fileRef = F6F95FB3C74A48403918816A /* Pods_Dvanactka.framework */; };
/* End PBXBuildFile section */

/* Begin PBXFileReference section */
		4D30AABA1DCA87AB00A402C9 /* Base */ = {isa = PBXFileReference; lastKnownFileType = text.plist.strings; name = Base; path = Base.lproj/Localizable.strings; sourceTree = "<group>"; };
		4D30AABE1DCA891200A402C9 /* Base */ = {isa = PBXFileReference; lastKnownFileType = text.plist.strings; name = Base; path = Base.lproj/InfoPlist.strings; sourceTree = "<group>"; };
		4D30AAC01DCA891400A402C9 /* cs */ = {isa = PBXFileReference; lastKnownFileType = text.plist.strings; name = cs; path = cs.lproj/InfoPlist.strings; sourceTree = "<group>"; };
		4D30AAC11DCA8B8900A402C9 /* MapCtl.swift */ = {isa = PBXFileReference; fileEncoding = 4; lastKnownFileType = sourcecode.swift; path = MapCtl.swift; sourceTree = "<group>"; };
		4D3FC6F41DD274A8000467D1 /* AppInfoCtl.swift */ = {isa = PBXFileReference; fileEncoding = 4; lastKnownFileType = sourcecode.swift; path = AppInfoCtl.swift; sourceTree = "<group>"; };
		4D4264071DD08D62008ED01F /* c_firstaid.png */ = {isa = PBXFileReference; lastKnownFileType = image.png; name = c_firstaid.png; path = img/c_firstaid.png; sourceTree = "<group>"; };
		4D4264081DD08D62008ED01F /* c_firstaid@2x.png */ = {isa = PBXFileReference; lastKnownFileType = image.png; name = "c_firstaid@2x.png"; path = "img/c_firstaid@2x.png"; sourceTree = "<group>"; };
		4D4264091DD08D62008ED01F /* c_info.png */ = {isa = PBXFileReference; lastKnownFileType = image.png; name = c_info.png; path = img/c_info.png; sourceTree = "<group>"; };
		4D42640A1DD08D62008ED01F /* c_info@2x.png */ = {isa = PBXFileReference; lastKnownFileType = image.png; name = "c_info@2x.png"; path = "img/c_info@2x.png"; sourceTree = "<group>"; };
		4D42640B1DD08D62008ED01F /* c_monument.png */ = {isa = PBXFileReference; lastKnownFileType = image.png; name = c_monument.png; path = img/c_monument.png; sourceTree = "<group>"; };
		4D42640C1DD08D62008ED01F /* c_monument@2x.png */ = {isa = PBXFileReference; lastKnownFileType = image.png; name = "c_monument@2x.png"; path = "img/c_monument@2x.png"; sourceTree = "<group>"; };
		4D42640D1DD08D62008ED01F /* c_pharmacy.png */ = {isa = PBXFileReference; lastKnownFileType = image.png; name = c_pharmacy.png; path = img/c_pharmacy.png; sourceTree = "<group>"; };
		4D42640E1DD08D62008ED01F /* c_pharmacy@2x.png */ = {isa = PBXFileReference; lastKnownFileType = image.png; name = "c_pharmacy@2x.png"; path = "img/c_pharmacy@2x.png"; sourceTree = "<group>"; };
		4D42640F1DD08D62008ED01F /* c_police.png */ = {isa = PBXFileReference; lastKnownFileType = image.png; name = c_police.png; path = img/c_police.png; sourceTree = "<group>"; };
		4D4264101DD08D62008ED01F /* c_police@2x.png */ = {isa = PBXFileReference; lastKnownFileType = image.png; name = "c_police@2x.png"; path = "img/c_police@2x.png"; sourceTree = "<group>"; };
		4D4264111DD08D62008ED01F /* c_restaurant.png */ = {isa = PBXFileReference; lastKnownFileType = image.png; name = c_restaurant.png; path = img/c_restaurant.png; sourceTree = "<group>"; };
		4D4264121DD08D62008ED01F /* c_restaurant@2x.png */ = {isa = PBXFileReference; lastKnownFileType = image.png; name = "c_restaurant@2x.png"; path = "img/c_restaurant@2x.png"; sourceTree = "<group>"; };
		4D4264131DD08D62008ED01F /* c_shop.png */ = {isa = PBXFileReference; lastKnownFileType = image.png; name = c_shop.png; path = img/c_shop.png; sourceTree = "<group>"; };
		4D4264141DD08D62008ED01F /* c_shop@2x.png */ = {isa = PBXFileReference; lastKnownFileType = image.png; name = "c_shop@2x.png"; path = "img/c_shop@2x.png"; sourceTree = "<group>"; };
		4D4264151DD08D62008ED01F /* c_tree.png */ = {isa = PBXFileReference; lastKnownFileType = image.png; name = c_tree.png; path = img/c_tree.png; sourceTree = "<group>"; };
		4D4264161DD08D62008ED01F /* c_tree@2x.png */ = {isa = PBXFileReference; lastKnownFileType = image.png; name = "c_tree@2x.png"; path = "img/c_tree@2x.png"; sourceTree = "<group>"; };
		4D4264171DD08D62008ED01F /* c_waste.png */ = {isa = PBXFileReference; lastKnownFileType = image.png; name = c_waste.png; path = img/c_waste.png; sourceTree = "<group>"; };
		4D4264181DD08D62008ED01F /* c_waste@2x.png */ = {isa = PBXFileReference; lastKnownFileType = image.png; name = "c_waste@2x.png"; path = "img/c_waste@2x.png"; sourceTree = "<group>"; };
		4D4264191DD08D62008ED01F /* c_work.png */ = {isa = PBXFileReference; lastKnownFileType = image.png; name = c_work.png; path = img/c_work.png; sourceTree = "<group>"; };
		4D42641A1DD08D62008ED01F /* c_work@2x.png */ = {isa = PBXFileReference; lastKnownFileType = image.png; name = "c_work@2x.png"; path = "img/c_work@2x.png"; sourceTree = "<group>"; };
		4D5A80261DD0ADF0006723B5 /* c_electrical.png */ = {isa = PBXFileReference; lastKnownFileType = image.png; name = c_electrical.png; path = img/c_electrical.png; sourceTree = "<group>"; };
		4D5A80271DD0ADF0006723B5 /* c_electrical@2x.png */ = {isa = PBXFileReference; lastKnownFileType = image.png; name = "c_electrical@2x.png"; path = "img/c_electrical@2x.png"; sourceTree = "<group>"; };
		4D5A80281DD0ADF0006723B5 /* c_textile.png */ = {isa = PBXFileReference; lastKnownFileType = image.png; name = c_textile.png; path = img/c_textile.png; sourceTree = "<group>"; };
		4D5A80291DD0ADF0006723B5 /* c_textile@2x.png */ = {isa = PBXFileReference; lastKnownFileType = image.png; name = "c_textile@2x.png"; path = "img/c_textile@2x.png"; sourceTree = "<group>"; };
		4D6677091DCB340F004876FA /* MapKit.framework */ = {isa = PBXFileReference; lastKnownFileType = wrapper.framework; name = MapKit.framework; path = System/Library/Frameworks/MapKit.framework; sourceTree = SDKROOT; };
		4D66770D1DCB7774004876FA /* PlaceDetailCtl.swift */ = {isa = PBXFileReference; fileEncoding = 4; lastKnownFileType = sourcecode.swift; path = PlaceDetailCtl.swift; sourceTree = "<group>"; };
		4D66770F1DCB8CDD004876FA /* MessageUI.framework */ = {isa = PBXFileReference; lastKnownFileType = wrapper.framework; name = MessageUI.framework; path = System/Library/Frameworks/MessageUI.framework; sourceTree = SDKROOT; };
		4D6677131DCBA4DA004876FA /* EventKitUI.framework */ = {isa = PBXFileReference; lastKnownFileType = wrapper.framework; name = EventKitUI.framework; path = System/Library/Frameworks/EventKitUI.framework; sourceTree = SDKROOT; };
		4D6677161DCBC23E004876FA /* goldstar25.png */ = {isa = PBXFileReference; lastKnownFileType = image.png; name = goldstar25.png; path = img/goldstar25.png; sourceTree = "<group>"; };
		4D6677171DCBC23E004876FA /* goldstar25@2x.png */ = {isa = PBXFileReference; lastKnownFileType = image.png; name = "goldstar25@2x.png"; path = "img/goldstar25@2x.png"; sourceTree = "<group>"; };
		4D6677181DCBC23E004876FA /* goldstar25dis.png */ = {isa = PBXFileReference; lastKnownFileType = image.png; name = goldstar25dis.png; path = img/goldstar25dis.png; sourceTree = "<group>"; };
		4D6677191DCBC23E004876FA /* goldstar25dis@2x.png */ = {isa = PBXFileReference; lastKnownFileType = image.png; name = "goldstar25dis@2x.png"; path = "img/goldstar25dis@2x.png"; sourceTree = "<group>"; };
		4D66771A1DCBC23E004876FA /* location.png */ = {isa = PBXFileReference; lastKnownFileType = image.png; name = location.png; path = img/location.png; sourceTree = "<group>"; };
		4D66771B1DCBC23E004876FA /* location@2x.png */ = {isa = PBXFileReference; lastKnownFileType = image.png; name = "location@2x.png"; path = "img/location@2x.png"; sourceTree = "<group>"; };
		4D9019311DC65E16001488D3 /* Dvanactka.app */ = {isa = PBXFileReference; explicitFileType = wrapper.application; includeInIndex = 0; path = Dvanactka.app; sourceTree = BUILT_PRODUCTS_DIR; };
		4D9019341DC65E16001488D3 /* AppDelegate.swift */ = {isa = PBXFileReference; lastKnownFileType = sourcecode.swift; path = AppDelegate.swift; sourceTree = "<group>"; };
		4D9019361DC65E16001488D3 /* ViewController.swift */ = {isa = PBXFileReference; lastKnownFileType = sourcecode.swift; path = ViewController.swift; sourceTree = "<group>"; };
		4D9019391DC65E16001488D3 /* Base */ = {isa = PBXFileReference; lastKnownFileType = file.storyboard; name = Base; path = Base.lproj/Main.storyboard; sourceTree = "<group>"; };
		4D90193B1DC65E16001488D3 /* Assets.xcassets */ = {isa = PBXFileReference; lastKnownFileType = folder.assetcatalog; path = Assets.xcassets; sourceTree = "<group>"; };
		4D90193E1DC65E17001488D3 /* Base */ = {isa = PBXFileReference; lastKnownFileType = file.storyboard; name = Base; path = Base.lproj/LaunchScreen.storyboard; sourceTree = "<group>"; };
		4D9019401DC65E17001488D3 /* Info.plist */ = {isa = PBXFileReference; lastKnownFileType = text.plist.xml; path = Info.plist; sourceTree = "<group>"; };
		4D9019481DC669B7001488D3 /* EventCtl.swift */ = {isa = PBXFileReference; fileEncoding = 4; lastKnownFileType = sourcecode.swift; path = EventCtl.swift; sourceTree = "<group>"; };
		4D90194C1DC67FB6001488D3 /* test_files */ = {isa = PBXFileReference; lastKnownFileType = folder; path = test_files; sourceTree = "<group>"; };
		4D90194E1DC69A0D001488D3 /* EventRecord.swift */ = {isa = PBXFileReference; fileEncoding = 4; lastKnownFileType = sourcecode.swift; path = EventRecord.swift; sourceTree = "<group>"; };
		4D9F14AC1DD103D100841AD8 /* DataSource.swift */ = {isa = PBXFileReference; fileEncoding = 4; lastKnownFileType = sourcecode.swift; path = DataSource.swift; sourceTree = "<group>"; };
		4D9F14AE1DD1135700841AD8 /* ds_news.png */ = {isa = PBXFileReference; lastKnownFileType = image.png; name = ds_news.png; path = img/ds_news.png; sourceTree = "<group>"; };
		4D9F14B01DD11A3E00841AD8 /* ds_alerts.png */ = {isa = PBXFileReference; lastKnownFileType = image.png; name = ds_alerts.png; path = img/ds_alerts.png; sourceTree = "<group>"; };
		4D9F14B11DD11A3E00841AD8 /* ds_biograf.png */ = {isa = PBXFileReference; lastKnownFileType = image.png; name = ds_biograf.png; path = img/ds_biograf.png; sourceTree = "<group>"; };
		4D9F14B21DD11A3E00841AD8 /* ds_events.png */ = {isa = PBXFileReference; lastKnownFileType = image.png; name = ds_events.png; path = img/ds_events.png; sourceTree = "<group>"; };
		4D9F14B31DD11A3E00841AD8 /* ds_help.png */ = {isa = PBXFileReference; lastKnownFileType = image.png; name = ds_help.png; path = img/ds_help.png; sourceTree = "<group>"; };
		4D9F14B41DD11A3E00841AD8 /* ds_landmarks.png */ = {isa = PBXFileReference; lastKnownFileType = image.png; name = ds_landmarks.png; path = img/ds_landmarks.png; sourceTree = "<group>"; };
		4D9F14B51DD11A3E00841AD8 /* ds_waste.png */ = {isa = PBXFileReference; lastKnownFileType = image.png; name = ds_waste.png; path = img/ds_waste.png; sourceTree = "<group>"; };
		4DA2C9011DC8EE8400E28A0E /* cs */ = {isa = PBXFileReference; lastKnownFileType = text.plist.strings; name = cs; path = cs.lproj/Localizable.strings; sourceTree = "<group>"; };
		5A808AE73807641677F83C49 /* Pods-Dvanactka.debug.xcconfig */ = {isa = PBXFileReference; includeInIndex = 1; lastKnownFileType = text.xcconfig; name = "Pods-Dvanactka.debug.xcconfig"; path = "Pods/Target Support Files/Pods-Dvanactka/Pods-Dvanactka.debug.xcconfig"; sourceTree = "<group>"; };
		BDE54F9EF03DF01827D6E401 /* Pods-Dvanactka.release.xcconfig */ = {isa = PBXFileReference; includeInIndex = 1; lastKnownFileType = text.xcconfig; name = "Pods-Dvanactka.release.xcconfig"; path = "Pods/Target Support Files/Pods-Dvanactka/Pods-Dvanactka.release.xcconfig"; sourceTree = "<group>"; };
		F6F95FB3C74A48403918816A /* Pods_Dvanactka.framework */ = {isa = PBXFileReference; explicitFileType = wrapper.framework; includeInIndex = 0; path = Pods_Dvanactka.framework; sourceTree = BUILT_PRODUCTS_DIR; };
/* End PBXFileReference section */

/* Begin PBXFrameworksBuildPhase section */
		4D90192E1DC65E16001488D3 /* Frameworks */ = {
			isa = PBXFrameworksBuildPhase;
			buildActionMask = 2147483647;
			files = (
				4D6677141DCBA4DA004876FA /* EventKitUI.framework in Frameworks */,
				4D6677101DCB8CDD004876FA /* MessageUI.framework in Frameworks */,
				4D66770A1DCB340F004876FA /* MapKit.framework in Frameworks */,
				C96B336CA7EC9EB6B8C9C75F /* Pods_Dvanactka.framework in Frameworks */,
			);
			runOnlyForDeploymentPostprocessing = 0;
		};
/* End PBXFrameworksBuildPhase section */

/* Begin PBXGroup section */
		4D6677151DCBC226004876FA /* img */ = {
			isa = PBXGroup;
			children = (
				4D5A80261DD0ADF0006723B5 /* c_electrical.png */,
				4D5A80271DD0ADF0006723B5 /* c_electrical@2x.png */,
				4D4264071DD08D62008ED01F /* c_firstaid.png */,
				4D4264081DD08D62008ED01F /* c_firstaid@2x.png */,
				4D4264091DD08D62008ED01F /* c_info.png */,
				4D42640A1DD08D62008ED01F /* c_info@2x.png */,
				4D42640B1DD08D62008ED01F /* c_monument.png */,
				4D42640C1DD08D62008ED01F /* c_monument@2x.png */,
				4D42640D1DD08D62008ED01F /* c_pharmacy.png */,
				4D42640E1DD08D62008ED01F /* c_pharmacy@2x.png */,
				4D42640F1DD08D62008ED01F /* c_police.png */,
				4D4264101DD08D62008ED01F /* c_police@2x.png */,
				4D4264111DD08D62008ED01F /* c_restaurant.png */,
				4D4264121DD08D62008ED01F /* c_restaurant@2x.png */,
				4D4264131DD08D62008ED01F /* c_shop.png */,
				4D4264141DD08D62008ED01F /* c_shop@2x.png */,
				4D5A80281DD0ADF0006723B5 /* c_textile.png */,
				4D5A80291DD0ADF0006723B5 /* c_textile@2x.png */,
				4D4264151DD08D62008ED01F /* c_tree.png */,
				4D4264161DD08D62008ED01F /* c_tree@2x.png */,
				4D4264171DD08D62008ED01F /* c_waste.png */,
				4D4264181DD08D62008ED01F /* c_waste@2x.png */,
				4D4264191DD08D62008ED01F /* c_work.png */,
				4D42641A1DD08D62008ED01F /* c_work@2x.png */,
				4D9F14B01DD11A3E00841AD8 /* ds_alerts.png */,
				4D9F14B11DD11A3E00841AD8 /* ds_biograf.png */,
				4D9F14B21DD11A3E00841AD8 /* ds_events.png */,
				4D9F14B31DD11A3E00841AD8 /* ds_help.png */,
				4D9F14B41DD11A3E00841AD8 /* ds_landmarks.png */,
				4D9F14AE1DD1135700841AD8 /* ds_news.png */,
				4D9F14B51DD11A3E00841AD8 /* ds_waste.png */,
				4D6677161DCBC23E004876FA /* goldstar25.png */,
				4D6677171DCBC23E004876FA /* goldstar25@2x.png */,
				4D6677181DCBC23E004876FA /* goldstar25dis.png */,
				4D6677191DCBC23E004876FA /* goldstar25dis@2x.png */,
				4D66771A1DCBC23E004876FA /* location.png */,
				4D66771B1DCBC23E004876FA /* location@2x.png */,
			);
			name = img;
			sourceTree = "<group>";
		};
		4D9019281DC65E16001488D3 = {
			isa = PBXGroup;
			children = (
				4D9019331DC65E16001488D3 /* Dvanactka */,
				4D9019321DC65E16001488D3 /* Products */,
				DBA60CC5189BA63706E19895 /* Pods */,
				E3CDB31E01A8E10F30D48DD5 /* Frameworks */,
			);
			sourceTree = "<group>";
		};
		4D9019321DC65E16001488D3 /* Products */ = {
			isa = PBXGroup;
			children = (
				4D9019311DC65E16001488D3 /* Dvanactka.app */,
			);
			name = Products;
			sourceTree = "<group>";
		};
		4D9019331DC65E16001488D3 /* Dvanactka */ = {
			isa = PBXGroup;
			children = (
				4D9019341DC65E16001488D3 /* AppDelegate.swift */,
				4D3FC6F41DD274A8000467D1 /* AppInfoCtl.swift */,
				4D90193B1DC65E16001488D3 /* Assets.xcassets */,
				4D9F14AC1DD103D100841AD8 /* DataSource.swift */,
				4D9019481DC669B7001488D3 /* EventCtl.swift */,
				4D90194E1DC69A0D001488D3 /* EventRecord.swift */,
				4D6677151DCBC226004876FA /* img */,
				4D9019401DC65E17001488D3 /* Info.plist */,
				4D30AABF1DCA891200A402C9 /* InfoPlist.strings */,
				4D90193D1DC65E17001488D3 /* LaunchScreen.storyboard */,
				4DA2C9021DC8EE8400E28A0E /* Localizable.strings */,
				4D9019381DC65E16001488D3 /* Main.storyboard */,
				4D30AAC11DCA8B8900A402C9 /* MapCtl.swift */,
				4D66770D1DCB7774004876FA /* PlaceDetailCtl.swift */,
				4D90194C1DC67FB6001488D3 /* test_files */,
				4D9019361DC65E16001488D3 /* ViewController.swift */,
			);
			path = Dvanactka;
			sourceTree = "<group>";
		};
		DBA60CC5189BA63706E19895 /* Pods */ = {
			isa = PBXGroup;
			children = (
				5A808AE73807641677F83C49 /* Pods-Dvanactka.debug.xcconfig */,
				BDE54F9EF03DF01827D6E401 /* Pods-Dvanactka.release.xcconfig */,
			);
			name = Pods;
			sourceTree = "<group>";
		};
		E3CDB31E01A8E10F30D48DD5 /* Frameworks */ = {
			isa = PBXGroup;
			children = (
				4D6677131DCBA4DA004876FA /* EventKitUI.framework */,
				4D66770F1DCB8CDD004876FA /* MessageUI.framework */,
				4D6677091DCB340F004876FA /* MapKit.framework */,
				F6F95FB3C74A48403918816A /* Pods_Dvanactka.framework */,
			);
			name = Frameworks;
			sourceTree = "<group>";
		};
/* End PBXGroup section */

/* Begin PBXNativeTarget section */
		4D9019301DC65E16001488D3 /* Dvanactka */ = {
			isa = PBXNativeTarget;
			buildConfigurationList = 4D9019431DC65E17001488D3 /* Build configuration list for PBXNativeTarget "Dvanactka" */;
			buildPhases = (
				CC5617BF9F63B6AE2DC6946A /* [CP] Check Pods Manifest.lock */,
				4D90192D1DC65E16001488D3 /* Sources */,
				4D90192E1DC65E16001488D3 /* Frameworks */,
				4D90192F1DC65E16001488D3 /* Resources */,
				8A0E9D480E9C4CA6CBC1B337 /* [CP] Embed Pods Frameworks */,
				9BCE1CD9B7C8A26B85021933 /* [CP] Copy Pods Resources */,
			);
			buildRules = (
			);
			dependencies = (
			);
			name = Dvanactka;
			productName = Dvanactka;
			productReference = 4D9019311DC65E16001488D3 /* Dvanactka.app */;
			productType = "com.apple.product-type.application";
		};
/* End PBXNativeTarget section */

/* Begin PBXProject section */
		4D9019291DC65E16001488D3 /* Project object */ = {
			isa = PBXProject;
			attributes = {
				LastSwiftUpdateCheck = 0810;
				LastUpgradeCheck = 0810;
				ORGANIZATIONNAME = "Jan Adamec";
				TargetAttributes = {
					4D9019301DC65E16001488D3 = {
						CreatedOnToolsVersion = 8.1;
						DevelopmentTeam = E3AKAD9KNP;
						ProvisioningStyle = Automatic;
					};
				};
			};
			buildConfigurationList = 4D90192C1DC65E16001488D3 /* Build configuration list for PBXProject "Dvanactka" */;
			compatibilityVersion = "Xcode 3.2";
			developmentRegion = English;
			hasScannedForEncodings = 0;
			knownRegions = (
				en,
				Base,
				cs,
			);
			mainGroup = 4D9019281DC65E16001488D3;
			productRefGroup = 4D9019321DC65E16001488D3 /* Products */;
			projectDirPath = "";
			projectRoot = "";
			targets = (
				4D9019301DC65E16001488D3 /* Dvanactka */,
			);
		};
/* End PBXProject section */

/* Begin PBXResourcesBuildPhase section */
		4D90192F1DC65E16001488D3 /* Resources */ = {
			isa = PBXResourcesBuildPhase;
			buildActionMask = 2147483647;
			files = (
				4D42642A1DD08D62008ED01F /* c_tree@2x.png in Resources */,
				4D4264241DD08D62008ED01F /* c_police@2x.png in Resources */,
				4D4264271DD08D62008ED01F /* c_shop.png in Resources */,
				4DA2C9001DC8EE8400E28A0E /* Localizable.strings in Resources */,
				4D66771C1DCBC23E004876FA /* goldstar25.png in Resources */,
				4D5A802A1DD0ADF0006723B5 /* c_electrical.png in Resources */,
				4D4264281DD08D62008ED01F /* c_shop@2x.png in Resources */,
				4D42641D1DD08D62008ED01F /* c_info.png in Resources */,
				4D4264251DD08D62008ED01F /* c_restaurant.png in Resources */,
				4D9F14BB1DD11A3E00841AD8 /* ds_waste.png in Resources */,
				4D42641C1DD08D62008ED01F /* c_firstaid@2x.png in Resources */,
				4D42641F1DD08D62008ED01F /* c_monument.png in Resources */,
				4D4264201DD08D62008ED01F /* c_monument@2x.png in Resources */,
				4D4264231DD08D62008ED01F /* c_police.png in Resources */,
				4D30AABD1DCA891200A402C9 /* InfoPlist.strings in Resources */,
				4D42642C1DD08D62008ED01F /* c_waste@2x.png in Resources */,
				4D42642B1DD08D62008ED01F /* c_waste.png in Resources */,
				4D42642E1DD08D62008ED01F /* c_work@2x.png in Resources */,
				4D66771E1DCBC23E004876FA /* goldstar25dis.png in Resources */,
				4D4264291DD08D62008ED01F /* c_tree.png in Resources */,
				4D42642D1DD08D62008ED01F /* c_work.png in Resources */,
				4D9F14BA1DD11A3E00841AD8 /* ds_landmarks.png in Resources */,
				4D4264261DD08D62008ED01F /* c_restaurant@2x.png in Resources */,
				4D90194D1DC67FB6001488D3 /* test_files in Resources */,
				4D4264221DD08D62008ED01F /* c_pharmacy@2x.png in Resources */,
				4D42641B1DD08D62008ED01F /* c_firstaid.png in Resources */,
				4D42641E1DD08D62008ED01F /* c_info@2x.png in Resources */,
				4D90193F1DC65E17001488D3 /* LaunchScreen.storyboard in Resources */,
				4D9F14B71DD11A3E00841AD8 /* ds_biograf.png in Resources */,
				4D66771F1DCBC23E004876FA /* goldstar25dis@2x.png in Resources */,
				4D5A802C1DD0ADF0006723B5 /* c_textile.png in Resources */,
				4D66771D1DCBC23E004876FA /* goldstar25@2x.png in Resources */,
				4D9F14B91DD11A3E00841AD8 /* ds_help.png in Resources */,
				4D6677201DCBC23E004876FA /* location.png in Resources */,
				4D6677211DCBC23E004876FA /* location@2x.png in Resources */,
				4D90193C1DC65E16001488D3 /* Assets.xcassets in Resources */,
				4D9F14AF1DD1135700841AD8 /* ds_news.png in Resources */,
				4D4264211DD08D62008ED01F /* c_pharmacy.png in Resources */,
				4D9F14B81DD11A3E00841AD8 /* ds_events.png in Resources */,
				4D5A802B1DD0ADF0006723B5 /* c_electrical@2x.png in Resources */,
				4D5A802D1DD0ADF0006723B5 /* c_textile@2x.png in Resources */,
				4D90193A1DC65E16001488D3 /* Main.storyboard in Resources */,
				4D9F14B61DD11A3E00841AD8 /* ds_alerts.png in Resources */,
			);
			runOnlyForDeploymentPostprocessing = 0;
		};
/* End PBXResourcesBuildPhase section */

/* Begin PBXShellScriptBuildPhase section */
		8A0E9D480E9C4CA6CBC1B337 /* [CP] Embed Pods Frameworks */ = {
			isa = PBXShellScriptBuildPhase;
			buildActionMask = 2147483647;
			files = (
			);
			inputPaths = (
			);
			name = "[CP] Embed Pods Frameworks";
			outputPaths = (
			);
			runOnlyForDeploymentPostprocessing = 0;
			shellPath = /bin/sh;
			shellScript = "\"${SRCROOT}/Pods/Target Support Files/Pods-Dvanactka/Pods-Dvanactka-frameworks.sh\"\n";
			showEnvVarsInLog = 0;
		};
		9BCE1CD9B7C8A26B85021933 /* [CP] Copy Pods Resources */ = {
			isa = PBXShellScriptBuildPhase;
			buildActionMask = 2147483647;
			files = (
			);
			inputPaths = (
			);
			name = "[CP] Copy Pods Resources";
			outputPaths = (
			);
			runOnlyForDeploymentPostprocessing = 0;
			shellPath = /bin/sh;
			shellScript = "\"${SRCROOT}/Pods/Target Support Files/Pods-Dvanactka/Pods-Dvanactka-resources.sh\"\n";
			showEnvVarsInLog = 0;
		};
		CC5617BF9F63B6AE2DC6946A /* [CP] Check Pods Manifest.lock */ = {
			isa = PBXShellScriptBuildPhase;
			buildActionMask = 2147483647;
			files = (
			);
			inputPaths = (
			);
			name = "[CP] Check Pods Manifest.lock";
			outputPaths = (
			);
			runOnlyForDeploymentPostprocessing = 0;
			shellPath = /bin/sh;
			shellScript = "diff \"${PODS_ROOT}/../Podfile.lock\" \"${PODS_ROOT}/Manifest.lock\" > /dev/null\nif [ $? != 0 ] ; then\n    # print error to STDERR\n    echo \"error: The sandbox is not in sync with the Podfile.lock. Run 'pod install' or update your CocoaPods installation.\" >&2\n    exit 1\nfi\n";
			showEnvVarsInLog = 0;
		};
/* End PBXShellScriptBuildPhase section */

/* Begin PBXSourcesBuildPhase section */
		4D90192D1DC65E16001488D3 /* Sources */ = {
			isa = PBXSourcesBuildPhase;
			buildActionMask = 2147483647;
			files = (
				4D9F14AD1DD103D100841AD8 /* DataSource.swift in Sources */,
				4D66770E1DCB7774004876FA /* PlaceDetailCtl.swift in Sources */,
				4D9019491DC669B7001488D3 /* EventCtl.swift in Sources */,
				4D3FC6F51DD274A8000467D1 /* AppInfoCtl.swift in Sources */,
				4D30AAC21DCA8B8900A402C9 /* MapCtl.swift in Sources */,
				4D90194F1DC69A0D001488D3 /* EventRecord.swift in Sources */,
				4D9019371DC65E16001488D3 /* ViewController.swift in Sources */,
				4D9019351DC65E16001488D3 /* AppDelegate.swift in Sources */,
			);
			runOnlyForDeploymentPostprocessing = 0;
		};
/* End PBXSourcesBuildPhase section */

/* Begin PBXVariantGroup section */
		4D30AABF1DCA891200A402C9 /* InfoPlist.strings */ = {
			isa = PBXVariantGroup;
			children = (
				4D30AABE1DCA891200A402C9 /* Base */,
				4D30AAC01DCA891400A402C9 /* cs */,
			);
			name = InfoPlist.strings;
			sourceTree = "<group>";
		};
		4D9019381DC65E16001488D3 /* Main.storyboard */ = {
			isa = PBXVariantGroup;
			children = (
				4D9019391DC65E16001488D3 /* Base */,
			);
			name = Main.storyboard;
			sourceTree = "<group>";
		};
		4D90193D1DC65E17001488D3 /* LaunchScreen.storyboard */ = {
			isa = PBXVariantGroup;
			children = (
				4D90193E1DC65E17001488D3 /* Base */,
			);
			name = LaunchScreen.storyboard;
			sourceTree = "<group>";
		};
		4DA2C9021DC8EE8400E28A0E /* Localizable.strings */ = {
			isa = PBXVariantGroup;
			children = (
				4DA2C9011DC8EE8400E28A0E /* cs */,
				4D30AABA1DCA87AB00A402C9 /* Base */,
			);
			name = Localizable.strings;
			sourceTree = SOURCE_ROOT;
		};
/* End PBXVariantGroup section */

/* Begin XCBuildConfiguration section */
		4D9019411DC65E17001488D3 /* Debug */ = {
			isa = XCBuildConfiguration;
			buildSettings = {
				ALWAYS_SEARCH_USER_PATHS = NO;
				CLANG_ANALYZER_LOCALIZABILITY_NONLOCALIZED = YES;
				CLANG_ANALYZER_NONNULL = YES;
				CLANG_CXX_LANGUAGE_STANDARD = "gnu++0x";
				CLANG_CXX_LIBRARY = "libc++";
				CLANG_ENABLE_MODULES = YES;
				CLANG_ENABLE_OBJC_ARC = YES;
				CLANG_WARN_BOOL_CONVERSION = YES;
				CLANG_WARN_CONSTANT_CONVERSION = YES;
				CLANG_WARN_DIRECT_OBJC_ISA_USAGE = YES_ERROR;
				CLANG_WARN_DOCUMENTATION_COMMENTS = YES;
				CLANG_WARN_EMPTY_BODY = YES;
				CLANG_WARN_ENUM_CONVERSION = YES;
				CLANG_WARN_INFINITE_RECURSION = YES;
				CLANG_WARN_INT_CONVERSION = YES;
				CLANG_WARN_OBJC_ROOT_CLASS = YES_ERROR;
				CLANG_WARN_SUSPICIOUS_MOVE = YES;
				CLANG_WARN_SUSPICIOUS_MOVES = YES;
				CLANG_WARN_UNREACHABLE_CODE = YES;
				CLANG_WARN__DUPLICATE_METHOD_MATCH = YES;
				"CODE_SIGN_IDENTITY[sdk=iphoneos*]" = "iPhone Developer";
				COPY_PHASE_STRIP = NO;
				DEBUG_INFORMATION_FORMAT = dwarf;
				ENABLE_STRICT_OBJC_MSGSEND = YES;
				ENABLE_TESTABILITY = YES;
				GCC_C_LANGUAGE_STANDARD = gnu99;
				GCC_DYNAMIC_NO_PIC = NO;
				GCC_NO_COMMON_BLOCKS = YES;
				GCC_OPTIMIZATION_LEVEL = 0;
				GCC_PREPROCESSOR_DEFINITIONS = (
					"DEBUG=1",
					"$(inherited)",
				);
				GCC_WARN_64_TO_32_BIT_CONVERSION = YES;
				GCC_WARN_ABOUT_RETURN_TYPE = YES_ERROR;
				GCC_WARN_UNDECLARED_SELECTOR = YES;
				GCC_WARN_UNINITIALIZED_AUTOS = YES_AGGRESSIVE;
				GCC_WARN_UNUSED_FUNCTION = YES;
				GCC_WARN_UNUSED_VARIABLE = YES;
				IPHONEOS_DEPLOYMENT_TARGET = 9.0;
				MTL_ENABLE_DEBUG_INFO = YES;
				ONLY_ACTIVE_ARCH = YES;
				SDKROOT = iphoneos;
				SWIFT_ACTIVE_COMPILATION_CONDITIONS = DEBUG;
				SWIFT_OPTIMIZATION_LEVEL = "-Onone";
			};
			name = Debug;
		};
		4D9019421DC65E17001488D3 /* Release */ = {
			isa = XCBuildConfiguration;
			buildSettings = {
				ALWAYS_SEARCH_USER_PATHS = NO;
				CLANG_ANALYZER_LOCALIZABILITY_NONLOCALIZED = YES;
				CLANG_ANALYZER_NONNULL = YES;
				CLANG_CXX_LANGUAGE_STANDARD = "gnu++0x";
				CLANG_CXX_LIBRARY = "libc++";
				CLANG_ENABLE_MODULES = YES;
				CLANG_ENABLE_OBJC_ARC = YES;
				CLANG_WARN_BOOL_CONVERSION = YES;
				CLANG_WARN_CONSTANT_CONVERSION = YES;
				CLANG_WARN_DIRECT_OBJC_ISA_USAGE = YES_ERROR;
				CLANG_WARN_DOCUMENTATION_COMMENTS = YES;
				CLANG_WARN_EMPTY_BODY = YES;
				CLANG_WARN_ENUM_CONVERSION = YES;
				CLANG_WARN_INFINITE_RECURSION = YES;
				CLANG_WARN_INT_CONVERSION = YES;
				CLANG_WARN_OBJC_ROOT_CLASS = YES_ERROR;
				CLANG_WARN_SUSPICIOUS_MOVE = YES;
				CLANG_WARN_SUSPICIOUS_MOVES = YES;
				CLANG_WARN_UNREACHABLE_CODE = YES;
				CLANG_WARN__DUPLICATE_METHOD_MATCH = YES;
				"CODE_SIGN_IDENTITY[sdk=iphoneos*]" = "iPhone Developer";
				COPY_PHASE_STRIP = NO;
				DEBUG_INFORMATION_FORMAT = "dwarf-with-dsym";
				ENABLE_NS_ASSERTIONS = NO;
				ENABLE_STRICT_OBJC_MSGSEND = YES;
				GCC_C_LANGUAGE_STANDARD = gnu99;
				GCC_NO_COMMON_BLOCKS = YES;
				GCC_WARN_64_TO_32_BIT_CONVERSION = YES;
				GCC_WARN_ABOUT_RETURN_TYPE = YES_ERROR;
				GCC_WARN_UNDECLARED_SELECTOR = YES;
				GCC_WARN_UNINITIALIZED_AUTOS = YES_AGGRESSIVE;
				GCC_WARN_UNUSED_FUNCTION = YES;
				GCC_WARN_UNUSED_VARIABLE = YES;
				IPHONEOS_DEPLOYMENT_TARGET = 9.0;
				MTL_ENABLE_DEBUG_INFO = NO;
				SDKROOT = iphoneos;
				SWIFT_OPTIMIZATION_LEVEL = "-Owholemodule";
				VALIDATE_PRODUCT = YES;
			};
			name = Release;
		};
		4D9019441DC65E17001488D3 /* Debug */ = {
			isa = XCBuildConfiguration;
			baseConfigurationReference = 5A808AE73807641677F83C49 /* Pods-Dvanactka.debug.xcconfig */;
			buildSettings = {
				ALWAYS_EMBED_SWIFT_STANDARD_LIBRARIES = YES;
				ASSETCATALOG_COMPILER_APPICON_NAME = AppIcon;
				DEVELOPMENT_TEAM = E3AKAD9KNP;
				INFOPLIST_FILE = Dvanactka/Info.plist;
				LD_RUNPATH_SEARCH_PATHS = "$(inherited) @executable_path/Frameworks";
				PRODUCT_BUNDLE_IDENTIFIER = com.roomarranger.Dvanactka;
				PRODUCT_NAME = "$(TARGET_NAME)";
				SWIFT_VERSION = 3.0;
			};
			name = Debug;
		};
		4D9019451DC65E17001488D3 /* Release */ = {
			isa = XCBuildConfiguration;
			baseConfigurationReference = BDE54F9EF03DF01827D6E401 /* Pods-Dvanactka.release.xcconfig */;
			buildSettings = {
				ALWAYS_EMBED_SWIFT_STANDARD_LIBRARIES = YES;
				ASSETCATALOG_COMPILER_APPICON_NAME = AppIcon;
				DEVELOPMENT_TEAM = E3AKAD9KNP;
				INFOPLIST_FILE = Dvanactka/Info.plist;
				LD_RUNPATH_SEARCH_PATHS = "$(inherited) @executable_path/Frameworks";
				PRODUCT_BUNDLE_IDENTIFIER = com.roomarranger.Dvanactka;
				PRODUCT_NAME = "$(TARGET_NAME)";
				SWIFT_VERSION = 3.0;
			};
			name = Release;
		};
/* End XCBuildConfiguration section */

/* Begin XCConfigurationList section */
		4D90192C1DC65E16001488D3 /* Build configuration list for PBXProject "Dvanactka" */ = {
			isa = XCConfigurationList;
			buildConfigurations = (
				4D9019411DC65E17001488D3 /* Debug */,
				4D9019421DC65E17001488D3 /* Release */,
			);
			defaultConfigurationIsVisible = 0;
			defaultConfigurationName = Release;
		};
		4D9019431DC65E17001488D3 /* Build configuration list for PBXNativeTarget "Dvanactka" */ = {
			isa = XCConfigurationList;
			buildConfigurations = (
				4D9019441DC65E17001488D3 /* Debug */,
				4D9019451DC65E17001488D3 /* Release */,
			);
			defaultConfigurationIsVisible = 0;
			defaultConfigurationName = Release;
		};
/* End XCConfigurationList section */
	};
	rootObject = 4D9019291DC65E16001488D3 /* Project object */;
}
